
Microsoft Visual Studio Solution File, Format Version 12.00
# Visual Studio Version 17
VisualStudioVersion = 17.8.34330.188
MinimumVisualStudioVersion = 10.0.40219.1
Project("{FAE04EC0-301F-11D3-BF4B-00C04F79EFBC}") = "AgenciaViagens", "AgenciaViagens\AgenciaViagens.csproj", "{72FB1A52-DD12-48F5-A15C-F7A2E3BE58EB}"
EndProject
Global
	GlobalSection(SolutionConfigurationPlatforms) = preSolution
		Debug|Any CPU = Debug|Any CPU
		Release|Any CPU = Release|Any CPU
	EndGlobalSection
	GlobalSection(ProjectConfigurationPlatforms) = postSolution
		{72FB1A52-DD12-48F5-A15C-F7A2E3BE58EB}.Debug|Any CPU.ActiveCfg = Debug|Any CPU
		{72FB1A52-DD12-48F5-A15C-F7A2E3BE58EB}.Debug|Any CPU.Build.0 = Debug|Any CPU
		{72FB1A52-DD12-48F5-A15C-F7A2E3BE58EB}.Release|Any CPU.ActiveCfg = Release|Any CPU
		{72FB1A52-DD12-48F5-A15C-F7A2E3BE58EB}.Release|Any CPU.Build.0 = Release|Any CPU
	EndGlobalSection
	GlobalSection(SolutionProperties) = preSolution
		HideSolutionNode = FALSE
	EndGlobalSection
	GlobalSection(ExtensibilityGlobals) = postSolution
		SolutionGuid = {49396438-49C6-43B2-A407-6A26EA458BC0}
	EndGlobalSection
EndGlobal
